
Microsoft Visual Studio Solution File, Format Version 12.00
# Visual Studio Version 17
VisualStudioVersion = 17.8.34330.188
MinimumVisualStudioVersion = 10.0.40219.1
Project("{2150E333-8FDC-42A3-9474-1A3956D46DE8}") = "SITE", "SITE", "{5ADE97C8-78F8-44E8-B154-10E9D6A4E2A7}"
EndProject
Project("{2150E333-8FDC-42A3-9474-1A3956D46DE8}") = "ADMIN", "ADMIN", "{17E8BEC9-7082-43CE-B3A0-9906C33D99B3}"
EndProject
Project("{9A19103F-16F7-4668-BE54-9A1E7A4F7556}") = "MHDecora.Admin", "MHDecora.Admin\MHDecora.Admin.csproj", "{19B0B450-6831-440E-94AA-45BA8EF131D9}"
EndProject
Project("{9A19103F-16F7-4668-BE54-9A1E7A4F7556}") = "MHDecora.Site", "MHDecora.Site\MHDecora.Site.csproj", "{67F6A908-3E5A-443F-A896-4768963A1615}"
EndProject
Project("{9A19103F-16F7-4668-BE54-9A1E7A4F7556}") = "MHDecora.Admin.Application", "MHDecora.Admin.Application\MHDecora.Admin.Application.csproj", "{ADCB4DD9-DF2C-4569-A6A2-4586FD8D1933}"
EndProject
Project("{9A19103F-16F7-4668-BE54-9A1E7A4F7556}") = "MHDecora.Admin.Infra", "MHDecora.Admin.Infra\MHDecora.Admin.Infra.csproj", "{185583FC-4272-4B21-824C-EF4C5C7C90AF}"
EndProject
Project("{9A19103F-16F7-4668-BE54-9A1E7A4F7556}") = "MHDecora.Admin.Domain", "MHDecora.Admin.Domain\MHDecora.Admin.Domain.csproj", "{DB352E19-A4ED-4C63-8FB0-531D34F1EFDE}"
EndProject
Project("{9A19103F-16F7-4668-BE54-9A1E7A4F7556}") = "MHDecora.Site.Application", "MHDecora.Site.Application\MHDecora.Site.Application.csproj", "{AC545023-B295-4662-BB16-27610A68107C}"
EndProject
Project("{9A19103F-16F7-4668-BE54-9A1E7A4F7556}") = "MHDecora.Site.Domain", "MHDecora.Site.Domain\MHDecora.Site.Domain.csproj", "{96758591-7D9F-4A4A-A54A-0DBC3D97D346}"
EndProject
Project("{9A19103F-16F7-4668-BE54-9A1E7A4F7556}") = "MHDecora.Site.Infra", "MHDecora.Site.Infra\MHDecora.Site.Infra.csproj", "{DD6A5BC5-F68C-4345-BD74-F372BF50832C}"
EndProject
Global
	GlobalSection(SolutionConfigurationPlatforms) = preSolution
		Debug|Any CPU = Debug|Any CPU
		Release|Any CPU = Release|Any CPU
	EndGlobalSection
	GlobalSection(ProjectConfigurationPlatforms) = postSolution
		{19B0B450-6831-440E-94AA-45BA8EF131D9}.Debug|Any CPU.ActiveCfg = Debug|Any CPU
		{19B0B450-6831-440E-94AA-45BA8EF131D9}.Debug|Any CPU.Build.0 = Debug|Any CPU
		{19B0B450-6831-440E-94AA-45BA8EF131D9}.Release|Any CPU.ActiveCfg = Release|Any CPU
		{19B0B450-6831-440E-94AA-45BA8EF131D9}.Release|Any CPU.Build.0 = Release|Any CPU
		{67F6A908-3E5A-443F-A896-4768963A1615}.Debug|Any CPU.ActiveCfg = Debug|Any CPU
		{67F6A908-3E5A-443F-A896-4768963A1615}.Debug|Any CPU.Build.0 = Debug|Any CPU
		{67F6A908-3E5A-443F-A896-4768963A1615}.Release|Any CPU.ActiveCfg = Release|Any CPU
		{67F6A908-3E5A-443F-A896-4768963A1615}.Release|Any CPU.Build.0 = Release|Any CPU
		{ADCB4DD9-DF2C-4569-A6A2-4586FD8D1933}.Debug|Any CPU.ActiveCfg = Debug|Any CPU
		{ADCB4DD9-DF2C-4569-A6A2-4586FD8D1933}.Debug|Any CPU.Build.0 = Debug|Any CPU
		{ADCB4DD9-DF2C-4569-A6A2-4586FD8D1933}.Release|Any CPU.ActiveCfg = Release|Any CPU
		{ADCB4DD9-DF2C-4569-A6A2-4586FD8D1933}.Release|Any CPU.Build.0 = Release|Any CPU
		{185583FC-4272-4B21-824C-EF4C5C7C90AF}.Debug|Any CPU.ActiveCfg = Debug|Any CPU
		{185583FC-4272-4B21-824C-EF4C5C7C90AF}.Debug|Any CPU.Build.0 = Debug|Any CPU
		{185583FC-4272-4B21-824C-EF4C5C7C90AF}.Release|Any CPU.ActiveCfg = Release|Any CPU
		{185583FC-4272-4B21-824C-EF4C5C7C90AF}.Release|Any CPU.Build.0 = Release|Any CPU
		{DB352E19-A4ED-4C63-8FB0-531D34F1EFDE}.Debug|Any CPU.ActiveCfg = Debug|Any CPU
		{DB352E19-A4ED-4C63-8FB0-531D34F1EFDE}.Debug|Any CPU.Build.0 = Debug|Any CPU
		{DB352E19-A4ED-4C63-8FB0-531D34F1EFDE}.Release|Any CPU.ActiveCfg = Release|Any CPU
		{DB352E19-A4ED-4C63-8FB0-531D34F1EFDE}.Release|Any CPU.Build.0 = Release|Any CPU
		{AC545023-B295-4662-BB16-27610A68107C}.Debug|Any CPU.ActiveCfg = Debug|Any CPU
		{AC545023-B295-4662-BB16-27610A68107C}.Debug|Any CPU.Build.0 = Debug|Any CPU
		{AC545023-B295-4662-BB16-27610A68107C}.Release|Any CPU.ActiveCfg = Release|Any CPU
		{AC545023-B295-4662-BB16-27610A68107C}.Release|Any CPU.Build.0 = Release|Any CPU
		{96758591-7D9F-4A4A-A54A-0DBC3D97D346}.Debug|Any CPU.ActiveCfg = Debug|Any CPU
		{96758591-7D9F-4A4A-A54A-0DBC3D97D346}.Debug|Any CPU.Build.0 = Debug|Any CPU
		{96758591-7D9F-4A4A-A54A-0DBC3D97D346}.Release|Any CPU.ActiveCfg = Release|Any CPU
		{96758591-7D9F-4A4A-A54A-0DBC3D97D346}.Release|Any CPU.Build.0 = Release|Any CPU
		{DD6A5BC5-F68C-4345-BD74-F372BF50832C}.Debug|Any CPU.ActiveCfg = Debug|Any CPU
		{DD6A5BC5-F68C-4345-BD74-F372BF50832C}.Debug|Any CPU.Build.0 = Debug|Any CPU
		{DD6A5BC5-F68C-4345-BD74-F372BF50832C}.Release|Any CPU.ActiveCfg = Release|Any CPU
		{DD6A5BC5-F68C-4345-BD74-F372BF50832C}.Release|Any CPU.Build.0 = Release|Any CPU
	EndGlobalSection
	GlobalSection(SolutionProperties) = preSolution
		HideSolutionNode = FALSE
	EndGlobalSection
	GlobalSection(NestedProjects) = preSolution
		{19B0B450-6831-440E-94AA-45BA8EF131D9} = {17E8BEC9-7082-43CE-B3A0-9906C33D99B3}
		{67F6A908-3E5A-443F-A896-4768963A1615} = {5ADE97C8-78F8-44E8-B154-10E9D6A4E2A7}
		{ADCB4DD9-DF2C-4569-A6A2-4586FD8D1933} = {17E8BEC9-7082-43CE-B3A0-9906C33D99B3}
		{185583FC-4272-4B21-824C-EF4C5C7C90AF} = {17E8BEC9-7082-43CE-B3A0-9906C33D99B3}
		{DB352E19-A4ED-4C63-8FB0-531D34F1EFDE} = {17E8BEC9-7082-43CE-B3A0-9906C33D99B3}
		{AC545023-B295-4662-BB16-27610A68107C} = {5ADE97C8-78F8-44E8-B154-10E9D6A4E2A7}
		{96758591-7D9F-4A4A-A54A-0DBC3D97D346} = {5ADE97C8-78F8-44E8-B154-10E9D6A4E2A7}
		{DD6A5BC5-F68C-4345-BD74-F372BF50832C} = {5ADE97C8-78F8-44E8-B154-10E9D6A4E2A7}
	EndGlobalSection
	GlobalSection(ExtensibilityGlobals) = postSolution
		SolutionGuid = {91130593-A67C-4086-B83A-E91784BAAE78}
	EndGlobalSection
EndGlobal
